
Microsoft Visual Studio Solution File, Format Version 12.00
# Visual Studio Version 17
VisualStudioVersion = 17.14.36429.23 d17.14
MinimumVisualStudioVersion = 10.0.40219.1
Project("{FAE04EC0-301F-11D3-BF4B-00C04F79EFBC}") = "tasking-api", "tasking-api\tasking-api.csproj", "{DD4EA96B-C215-4F64-9993-673541F69F15}"
EndProject
Global
	GlobalSection(SolutionConfigurationPlatforms) = preSolution
		Debug|Any CPU = Debug|Any CPU
		Release|Any CPU = Release|Any CPU
	EndGlobalSection
	GlobalSection(ProjectConfigurationPlatforms) = postSolution
		{DD4EA96B-C215-4F64-9993-673541F69F15}.Debug|Any CPU.ActiveCfg = Debug|Any CPU
		{DD4EA96B-C215-4F64-9993-673541F69F15}.Debug|Any CPU.Build.0 = Debug|Any CPU
		{DD4EA96B-C215-4F64-9993-673541F69F15}.Release|Any CPU.ActiveCfg = Release|Any CPU
		{DD4EA96B-C215-4F64-9993-673541F69F15}.Release|Any CPU.Build.0 = Release|Any CPU
	EndGlobalSection
	GlobalSection(SolutionProperties) = preSolution
		HideSolutionNode = FALSE
	EndGlobalSection
	GlobalSection(ExtensibilityGlobals) = postSolution
		SolutionGuid = {267DCC33-EC0B-4BBE-A3E2-084A771DA178}
	EndGlobalSection
EndGlobal
